
Microsoft Visual Studio Solution File, Format Version 12.00
# Visual Studio Version 17
VisualStudioVersion = 17.4.33110.190
MinimumVisualStudioVersion = 10.0.40219.1
Project("{FAE04EC0-301F-11D3-BF4B-00C04F79EFBC}") = "Geometry", "Geometry\Geometry.csproj", "{D1859D0F-630B-4B11-B00D-F263F3860BBF}"
EndProject
Global
	GlobalSection(SolutionConfigurationPlatforms) = preSolution
		Debug|Any CPU = Debug|Any CPU
		Release|Any CPU = Release|Any CPU
	EndGlobalSection
	GlobalSection(ProjectConfigurationPlatforms) = postSolution
		{D1859D0F-630B-4B11-B00D-F263F3860BBF}.Debug|Any CPU.ActiveCfg = Debug|Any CPU
		{D1859D0F-630B-4B11-B00D-F263F3860BBF}.Debug|Any CPU.Build.0 = Debug|Any CPU
		{D1859D0F-630B-4B11-B00D-F263F3860BBF}.Release|Any CPU.ActiveCfg = Release|Any CPU
		{D1859D0F-630B-4B11-B00D-F263F3860BBF}.Release|Any CPU.Build.0 = Release|Any CPU
	EndGlobalSection
	GlobalSection(SolutionProperties) = preSolution
		HideSolutionNode = FALSE
	EndGlobalSection
	GlobalSection(ExtensibilityGlobals) = postSolution
		SolutionGuid = {68AE9B3F-8AF7-48AF-89FA-A4C49A143F48}
	EndGlobalSection
EndGlobal
