
Microsoft Visual Studio Solution File, Format Version 12.00
# Visual Studio Version 17
VisualStudioVersion = 17.4.33110.190
MinimumVisualStudioVersion = 10.0.40219.1
Project("{FAE04EC0-301F-11D3-BF4B-00C04F79EFBC}") = "PruebaPracticaOOP2P", "PruebaPracticaOOP2P\PruebaPracticaOOP2P.csproj", "{8F56D383-C152-428C-B1A6-B85FEFF69C6A}"
EndProject
Global
	GlobalSection(SolutionConfigurationPlatforms) = preSolution
		Debug|Any CPU = Debug|Any CPU
		Release|Any CPU = Release|Any CPU
	EndGlobalSection
	GlobalSection(ProjectConfigurationPlatforms) = postSolution
		{8F56D383-C152-428C-B1A6-B85FEFF69C6A}.Debug|Any CPU.ActiveCfg = Debug|Any CPU
		{8F56D383-C152-428C-B1A6-B85FEFF69C6A}.Debug|Any CPU.Build.0 = Debug|Any CPU
		{8F56D383-C152-428C-B1A6-B85FEFF69C6A}.Release|Any CPU.ActiveCfg = Release|Any CPU
		{8F56D383-C152-428C-B1A6-B85FEFF69C6A}.Release|Any CPU.Build.0 = Release|Any CPU
	EndGlobalSection
	GlobalSection(SolutionProperties) = preSolution
		HideSolutionNode = FALSE
	EndGlobalSection
	GlobalSection(ExtensibilityGlobals) = postSolution
		SolutionGuid = {7F4C52FA-0E91-46BF-AC66-D4D7ACD4C1D4}
	EndGlobalSection
EndGlobal
