
Microsoft Visual Studio Solution File, Format Version 12.00
# Visual Studio Version 17
VisualStudioVersion = 17.4.33110.190
MinimumVisualStudioVersion = 10.0.40219.1
Project("{FAE04EC0-301F-11D3-BF4B-00C04F79EFBC}") = "Geometry", "Geometry\Geometry.csproj", "{5365E5B4-28F7-4936-B1BE-328DCEA99B65}"
EndProject
Global
	GlobalSection(SolutionConfigurationPlatforms) = preSolution
		Debug|Any CPU = Debug|Any CPU
		Release|Any CPU = Release|Any CPU
	EndGlobalSection
	GlobalSection(ProjectConfigurationPlatforms) = postSolution
		{5365E5B4-28F7-4936-B1BE-328DCEA99B65}.Debug|Any CPU.ActiveCfg = Debug|Any CPU
		{5365E5B4-28F7-4936-B1BE-328DCEA99B65}.Debug|Any CPU.Build.0 = Debug|Any CPU
		{5365E5B4-28F7-4936-B1BE-328DCEA99B65}.Release|Any CPU.ActiveCfg = Release|Any CPU
		{5365E5B4-28F7-4936-B1BE-328DCEA99B65}.Release|Any CPU.Build.0 = Release|Any CPU
	EndGlobalSection
	GlobalSection(SolutionProperties) = preSolution
		HideSolutionNode = FALSE
	EndGlobalSection
	GlobalSection(ExtensibilityGlobals) = postSolution
		SolutionGuid = {3D4379A4-EB81-412F-9C03-3E9D4E7F8057}
	EndGlobalSection
EndGlobal
