
Microsoft Visual Studio Solution File, Format Version 12.00
# Visual Studio Version 17
VisualStudioVersion = 17.4.33110.190
MinimumVisualStudioVersion = 10.0.40219.1
Project("{FAE04EC0-301F-11D3-BF4B-00C04F79EFBC}") = "Geometry", "Geometry\Geometry.csproj", "{8AF7892E-477A-4278-8323-75A95B31A862}"
EndProject
Global
	GlobalSection(SolutionConfigurationPlatforms) = preSolution
		Debug|Any CPU = Debug|Any CPU
		Release|Any CPU = Release|Any CPU
	EndGlobalSection
	GlobalSection(ProjectConfigurationPlatforms) = postSolution
		{8AF7892E-477A-4278-8323-75A95B31A862}.Debug|Any CPU.ActiveCfg = Debug|Any CPU
		{8AF7892E-477A-4278-8323-75A95B31A862}.Debug|Any CPU.Build.0 = Debug|Any CPU
		{8AF7892E-477A-4278-8323-75A95B31A862}.Release|Any CPU.ActiveCfg = Release|Any CPU
		{8AF7892E-477A-4278-8323-75A95B31A862}.Release|Any CPU.Build.0 = Release|Any CPU
	EndGlobalSection
	GlobalSection(SolutionProperties) = preSolution
		HideSolutionNode = FALSE
	EndGlobalSection
	GlobalSection(ExtensibilityGlobals) = postSolution
		SolutionGuid = {0DE564FE-9F2C-474A-8889-6888242A64C0}
	EndGlobalSection
EndGlobal
